<?xml version="1.0" encoding="utf-8"?>
<Project ToolsVersion="4.0" xmlns="http://schemas.microsoft.com/developer/msbuild/2003">
  <ItemGroup>
    <ClInclude Include="Menu.h">
      <Filter>Menu</Filter>
    </ClInclude>
    <ClInclude Include="Draw.h">
      <Filter>Draw</Filter>
    </ClInclude>
    <ClInclude Include="Components.h">
      <Filter>Draw</Filter>
    </ClInclude>
    <ClInclude Include="Variables.h">
      <Filter>Var</Filter>
    </ClInclude>
    <ClInclude Include="Includes.h">
      <Filter>Var</Filter>
    </ClInclude>
    <ClInclude Include="Tools.h">
      <Filter>Var</Filter>
    </ClInclude>
    <ClInclude Include="Color.h">
      <Filter>Draw</Filter>
    </ClInclude>
    <ClInclude Include="Textures.h">
      <Filter>Var</Filter>
    </ClInclude>
    <ClInclude Include="memhack.h">
      <Filter>Menu</Filter>
    </ClInclude>
    <ClInclude Include="asm_Fun.h">
      <Filter>Var</Filter>
    </ClInclude>
  </ItemGroup>
  <ItemGroup>
    <Filter Include="Menu">
      <UniqueIdentifier>{e6e9610b-ba6f-4f54-a40e-394c2adefafd}</UniqueIdentifier>
    </Filter>
    <Filter Include="Draw">
      <UniqueIdentifier>{39c4bcbd-6ab0-474d-b12f-d717b986b506}</UniqueIdentifier>
    </Filter>
    <Filter Include="Var">
      <UniqueIdentifier>{7b767201-cbdc-44a4-a89f-29ddbd06f76d}</UniqueIdentifier>
    </Filter>
  </ItemGroup>
  <ItemGroup>
    <ClCompile Include="Main.cpp">
      <Filter>Menu</Filter>
    </ClCompile>
  </ItemGroup>
</Project>